// !$*UTF8*$!
{
	archiveVersion = 1;
	classes = {
	};
	objectVersion = 46;
	objects = {

/* Begin PBXBuildFile section */
		486038F41CC64A39005DB1F4 /* AppDelegate.swift in Sources */ = {isa = PBXBuildFile; fileRef = 486038F31CC64A39005DB1F4 /* AppDelegate.swift */; };
		486038F61CC64A39005DB1F4 /* ViewController.swift in Sources */ = {isa = PBXBuildFile; fileRef = 486038F51CC64A39005DB1F4 /* ViewController.swift */; };
		486038F91CC64A39005DB1F4 /* Main.storyboard in Resources */ = {isa = PBXBuildFile; fileRef = 486038F71CC64A39005DB1F4 /* Main.storyboard */; };
		486038FB1CC64A39005DB1F4 /* Assets.xcassets in Resources */ = {isa = PBXBuildFile; fileRef = 486038FA1CC64A39005DB1F4 /* Assets.xcassets */; };
		486038FE1CC64A39005DB1F4 /* LaunchScreen.storyboard in Resources */ = {isa = PBXBuildFile; fileRef = 486038FC1CC64A39005DB1F4 /* LaunchScreen.storyboard */; };
/* End PBXBuildFile section */

/* Begin PBXFileReference section */
		486038F01CC64A39005DB1F4 /* TestCrash.app */ = {isa = PBXFileReference; explicitFileType = wrapper.application; includeInIndex = 0; path = TestCrash.app; sourceTree = BUILT_PRODUCTS_DIR; };
		486038F31CC64A39005DB1F4 /* AppDelegate.swift */ = {isa = PBXFileReference; lastKnownFileType = sourcecode.swift; path = AppDelegate.swift; sourceTree = "<group>"; };
		486038F51CC64A39005DB1F4 /* ViewController.swift */ = {isa = PBXFileReference; lastKnownFileType = sourcecode.swift; path = ViewController.swift; sourceTree = "<group>"; };
		486038F81CC64A39005DB1F4 /* Base */ = {isa = PBXFileReference; lastKnownFileType = file.storyboard; name = Base; path = Base.lproj/Main.storyboard; sourceTree = "<group>"; };
		486038FA1CC64A39005DB1F4 /* Assets.xcassets */ = {isa = PBXFileReference; lastKnownFileType = folder.assetcatalog; path = Assets.xcassets; sourceTree = "<group>"; };
		486038FD1CC64A39005DB1F4 /* Base */ = {isa = PBXFileReference; lastKnownFileType = file.storyboard; name = Base; path = Base.lproj/LaunchScreen.storyboard; sourceTree = "<group>"; };
		486038FF1CC64A39005DB1F4 /* TestCrash-Info.plist */ = {isa = PBXFileReference; lastKnownFileType = text.plist.xml; path = "TestCrash-Info.plist"; sourceTree = "<group>"; };
/* End PBXFileReference section */

/* Begin PBXFrameworksBuildPhase section */
		486038ED1CC64A39005DB1F4 /* Frameworks */ = {
			isa = PBXFrameworksBuildPhase;
			buildActionMask = 2147483647;
			files = (
			);
			runOnlyForDeploymentPostprocessing = 0;
		};
/* End PBXFrameworksBuildPhase section */

/* Begin PBXGroup section */
		486038E71CC64A39005DB1F4 = {
			isa = PBXGroup;
			children = (
				486038F21CC64A39005DB1F4 /* TestCrash */,
				486038F11CC64A39005DB1F4 /* Products */,
			);
			sourceTree = "<group>";
		};
		486038F11CC64A39005DB1F4 /* Products */ = {
			isa = PBXGroup;
			children = (
				486038F01CC64A39005DB1F4 /* TestCrash.app */,
			);
			name = Products;
			sourceTree = "<group>";
		};
		486038F21CC64A39005DB1F4 /* TestCrash */ = {
			isa = PBXGroup;
			children = (
				486038F31CC64A39005DB1F4 /* AppDelegate.swift */,
				486038F51CC64A39005DB1F4 /* ViewController.swift */,
				486038F71CC64A39005DB1F4 /* Main.storyboard */,
				486038FA1CC64A39005DB1F4 /* Assets.xcassets */,
				486038FC1CC64A39005DB1F4 /* LaunchScreen.storyboard */,
				486038FF1CC64A39005DB1F4 /* TestCrash-Info.plist */,
			);
			path = TestCrash;
			sourceTree = "<group>";
		};
/* End PBXGroup section */

/* Begin PBXNativeTarget section */
		486038EF1CC64A39005DB1F4 /* TestCrash */ = {
			isa = PBXNativeTarget;
			buildConfigurationList = 486039021CC64A39005DB1F4 /* Build configuration list for PBXNativeTarget "TestCrash" */;
			buildPhases = (
				486038EC1CC64A39005DB1F4 /* Sources */,
				486038ED1CC64A39005DB1F4 /* Frameworks */,
				486038EE1CC64A39005DB1F4 /* Resources */,
			);
			buildRules = (
			);
			dependencies = (
			);
			name = TestCrash;
			productName = TestCrash;
			productReference = 486038F01CC64A39005DB1F4 /* TestCrash.app */;
			productType = "com.apple.product-type.application";
		};
/* End PBXNativeTarget section */

/* Begin PBXProject section */
		486038E81CC64A39005DB1F4 /* Project object */ = {
			isa = PBXProject;
			attributes = {
				LastSwiftUpdateCheck = 0720;
				LastUpgradeCheck = 0720;
				ORGANIZATIONNAME = corinnekrych;
				TargetAttributes = {
					486038EF1CC64A39005DB1F4 = {
						CreatedOnToolsVersion = 7.2;
					};
				};
			};
			buildConfigurationList = 486038EB1CC64A39005DB1F4 /* Build configuration list for PBXProject "TestCrash" */;
			compatibilityVersion = "Xcode 3.2";
			developmentRegion = English;
			hasScannedForEncodings = 0;
			knownRegions = (
				en,
				Base,
			);
			mainGroup = 486038E71CC64A39005DB1F4;
			productRefGroup = 486038F11CC64A39005DB1F4 /* Products */;
			projectDirPath = "";
			projectRoot = "";
			targets = (
				486038EF1CC64A39005DB1F4 /* TestCrash */,
			);
		};
/* End PBXProject section */

/* Begin PBXResourcesBuildPhase section */
		486038EE1CC64A39005DB1F4 /* Resources */ = {
			isa = PBXResourcesBuildPhase;
			buildActionMask = 2147483647;
			files = (
				486038FE1CC64A39005DB1F4 /* LaunchScreen.storyboard in Resources */,
				486038FB1CC64A39005DB1F4 /* Assets.xcassets in Resources */,
				486038F91CC64A39005DB1F4 /* Main.storyboard in Resources */,
			);
			runOnlyForDeploymentPostprocessing = 0;
		};
/* End PBXResourcesBuildPhase section */

/* Begin PBXSourcesBuildPhase section */
		486038EC1CC64A39005DB1F4 /* Sources */ = {
			isa = PBXSourcesBuildPhase;
			buildActionMask = 2147483647;
			files = (
				486038F61CC64A39005DB1F4 /* ViewController.swift in Sources */,
				486038F41CC64A39005DB1F4 /* AppDelegate.swift in Sources */,
			);
			runOnlyForDeploymentPostprocessing = 0;
		};
/* End PBXSourcesBuildPhase section */

/* Begin PBXVariantGroup section */
		486038F71CC64A39005DB1F4 /* Main.storyboard */ = {
			isa = PBXVariantGroup;
			children = (
				486038F81CC64A39005DB1F4 /* Base */,
			);
			name = Main.storyboard;
			sourceTree = "<group>";
		};
		486038FC1CC64A39005DB1F4 /* LaunchScreen.storyboard */ = {
			isa = PBXVariantGroup;
			children = (
				486038FD1CC64A39005DB1F4 /* Base */,
			);
			name = LaunchScreen.storyboard;
			sourceTree = "<group>";
		};
/* End PBXVariantGroup section */

/* Begin XCBuildConfiguration section */
		486039001CC64A39005DB1F4 /* Debug */ = {
			isa = XCBuildConfiguration;
			buildSettings = {
				ALWAYS_SEARCH_USER_PATHS = NO;
				CLANG_CXX_LANGUAGE_STANDARD = "gnu++0x";
				CLANG_CXX_LIBRARY = "libc++";
				CLANG_ENABLE_MODULES = YES;
				CLANG_ENABLE_OBJC_ARC = YES;
				CLANG_WARN_BOOL_CONVERSION = YES;
				CLANG_WARN_CONSTANT_CONVERSION = YES;
				CLANG_WARN_DIRECT_OBJC_ISA_USAGE = YES_ERROR;
				CLANG_WARN_EMPTY_BODY = YES;
				CLANG_WARN_ENUM_CONVERSION = YES;
				CLANG_WARN_INT_CONVERSION = YES;
				CLANG_WARN_OBJC_ROOT_CLASS = YES_ERROR;
				CLANG_WARN_UNREACHABLE_CODE = YES;
				CLANG_WARN__DUPLICATE_METHOD_MATCH = YES;
				"CODE_SIGN_IDENTITY[sdk=iphoneos*]" = "iPhone Developer";
				COPY_PHASE_STRIP = NO;
				DEBUG_INFORMATION_FORMAT = dwarf;
				ENABLE_STRICT_OBJC_MSGSEND = YES;
				ENABLE_TESTABILITY = YES;
				GCC_C_LANGUAGE_STANDARD = gnu99;
				GCC_DYNAMIC_NO_PIC = NO;
				GCC_NO_COMMON_BLOCKS = YES;
				GCC_OPTIMIZATION_LEVEL = 0;
				GCC_PREPROCESSOR_DEFINITIONS = (
					"DEBUG=1",
					"$(inherited)",
				);
				GCC_WARN_64_TO_32_BIT_CONVERSION = YES;
				GCC_WARN_ABOUT_RETURN_TYPE = YES_ERROR;
				GCC_WARN_UNDECLARED_SELECTOR = YES;
				GCC_WARN_UNINITIALIZED_AUTOS = YES_AGGRESSIVE;
				GCC_WARN_UNUSED_FUNCTION = YES;
				GCC_WARN_UNUSED_VARIABLE = YES;
				IPHONEOS_DEPLOYMENT_TARGET = 9.2;
				MTL_ENABLE_DEBUG_INFO = YES;
				ONLY_ACTIVE_ARCH = YES;
				SDKROOT = iphoneos;
				SWIFT_OPTIMIZATION_LEVEL = "-Onone";
				TARGETED_DEVICE_FAMILY = "1,2";
			};
			name = Debug;
		};
		486039011CC64A39005DB1F4 /* Release */ = {
			isa = XCBuildConfiguration;
			buildSettings = {
				ALWAYS_SEARCH_USER_PATHS = NO;
				CLANG_CXX_LANGUAGE_STANDARD = "gnu++0x";
				CLANG_CXX_LIBRARY = "libc++";
				CLANG_ENABLE_MODULES = YES;
				CLANG_ENABLE_OBJC_ARC = YES;
				CLANG_WARN_BOOL_CONVERSION = YES;
				CLANG_WARN_CONSTANT_CONVERSION = YES;
				CLANG_WARN_DIRECT_OBJC_ISA_USAGE = YES_ERROR;
				CLANG_WARN_EMPTY_BODY = YES;
				CLANG_WARN_ENUM_CONVERSION = YES;
				CLANG_WARN_INT_CONVERSION = YES;
				CLANG_WARN_OBJC_ROOT_CLASS = YES_ERROR;
				CLANG_WARN_UNREACHABLE_CODE = YES;
				CLANG_WARN__DUPLICATE_METHOD_MATCH = YES;
				"CODE_SIGN_IDENTITY[sdk=iphoneos*]" = "iPhone Developer";
				COPY_PHASE_STRIP = NO;
				DEBUG_INFORMATION_FORMAT = "dwarf-with-dsym";
				ENABLE_NS_ASSERTIONS = NO;
				ENABLE_STRICT_OBJC_MSGSEND = YES;
				GCC_C_LANGUAGE_STANDARD = gnu99;
				GCC_NO_COMMON_BLOCKS = YES;
				GCC_WARN_64_TO_32_BIT_CONVERSION = YES;
				GCC_WARN_ABOUT_RETURN_TYPE = YES_ERROR;
				GCC_WARN_UNDECLARED_SELECTOR = YES;
				GCC_WARN_UNINITIALIZED_AUTOS = YES_AGGRESSIVE;
				GCC_WARN_UNUSED_FUNCTION = YES;
				GCC_WARN_UNUSED_VARIABLE = YES;
				IPHONEOS_DEPLOYMENT_TARGET = 9.2;
				MTL_ENABLE_DEBUG_INFO = NO;
				SDKROOT = iphoneos;
				TARGETED_DEVICE_FAMILY = "1,2";
				VALIDATE_PRODUCT = YES;
			};
			name = Release;
		};
		486039031CC64A39005DB1F4 /* Debug */ = {
			isa = XCBuildConfiguration;
			buildSettings = {
				ASSETCATALOG_COMPILER_APPICON_NAME = AppIcon;
				INFOPLIST_FILE = "$(SRCROOT)/TestCrash/TestCrash-Info.plist";
				LD_RUNPATH_SEARCH_PATHS = "$(inherited) @executable_path/Frameworks";
				PRODUCT_BUNDLE_IDENTIFIER = org.corinnekrych.TestCrash;
				PRODUCT_NAME = "$(TARGET_NAME)";
			};
			name = Debug;
		};
		486039041CC64A39005DB1F4 /* Release */ = {
			isa = XCBuildConfiguration;
			buildSettings = {
				ASSETCATALOG_COMPILER_APPICON_NAME = AppIcon;
				INFOPLIST_FILE = "$(SRCROOT)/TestCrash/TestCrash-Info.plist";
				LD_RUNPATH_SEARCH_PATHS = "$(inherited) @executable_path/Frameworks";
				PRODUCT_BUNDLE_IDENTIFIER = org.corinnekrych.TestCrash;
				PRODUCT_NAME = "$(TARGET_NAME)";
			};
			name = Release;
		};
/* End XCBuildConfiguration section */

/* Begin XCConfigurationList section */
		486038EB1CC64A39005DB1F4 /* Build configuration list for PBXProject "TestCrash" */ = {
			isa = XCConfigurationList;
			buildConfigurations = (
				486039001CC64A39005DB1F4 /* Debug */,
				486039011CC64A39005DB1F4 /* Release */,
			);
			defaultConfigurationIsVisible = 0;
			defaultConfigurationName = Release;
		};
		486039021CC64A39005DB1F4 /* Build configuration list for PBXNativeTarget "TestCrash" */ = {
			isa = XCConfigurationList;
			buildConfigurations = (
				486039031CC64A39005DB1F4 /* Debug */,
				486039041CC64A39005DB1F4 /* Release */,
			);
			defaultConfigurationIsVisible = 0;
			defaultConfigurationName = Release;
		};
/* End XCConfigurationList section */
	};
	rootObject = 486038E81CC64A39005DB1F4 /* Project object */;
}
